
Microsoft Visual Studio Solution File, Format Version 12.00
# Visual Studio 15
VisualStudioVersion = 15.0.27130.2027
MinimumVisualStudioVersion = 10.0.40219.1
Project("{FAE04EC0-301F-11D3-BF4B-00C04F79EFBC}") = "web", "web\web.csproj", "{48A6B5BF-7EF9-4EF3-AE93-AA380A7B689C}"
EndProject
Project("{E53339B2-1760-4266-BCC7-CA923CBCF16C}") = "docker-compose", "docker-compose.dcproj", "{6E932F9C-3A4A-4A98-9262-C50A9B8B23FF}"
EndProject
Project("{FAE04EC0-301F-11D3-BF4B-00C04F79EFBC}") = "web.test", "web.test\web.test.csproj", "{D70F8CA7-E4FB-4483-949C-B17A4777BE16}"
EndProject
Global
	GlobalSection(SolutionConfigurationPlatforms) = preSolution
		Debug|Any CPU = Debug|Any CPU
		Release|Any CPU = Release|Any CPU
	EndGlobalSection
	GlobalSection(ProjectConfigurationPlatforms) = postSolution
		{48A6B5BF-7EF9-4EF3-AE93-AA380A7B689C}.Debug|Any CPU.ActiveCfg = Debug|Any CPU
		{48A6B5BF-7EF9-4EF3-AE93-AA380A7B689C}.Debug|Any CPU.Build.0 = Debug|Any CPU
		{48A6B5BF-7EF9-4EF3-AE93-AA380A7B689C}.Release|Any CPU.ActiveCfg = Release|Any CPU
		{48A6B5BF-7EF9-4EF3-AE93-AA380A7B689C}.Release|Any CPU.Build.0 = Release|Any CPU
		{6E932F9C-3A4A-4A98-9262-C50A9B8B23FF}.Debug|Any CPU.ActiveCfg = Debug|Any CPU
		{6E932F9C-3A4A-4A98-9262-C50A9B8B23FF}.Debug|Any CPU.Build.0 = Debug|Any CPU
		{6E932F9C-3A4A-4A98-9262-C50A9B8B23FF}.Release|Any CPU.ActiveCfg = Release|Any CPU
		{6E932F9C-3A4A-4A98-9262-C50A9B8B23FF}.Release|Any CPU.Build.0 = Release|Any CPU
		{D70F8CA7-E4FB-4483-949C-B17A4777BE16}.Debug|Any CPU.ActiveCfg = Debug|Any CPU
		{D70F8CA7-E4FB-4483-949C-B17A4777BE16}.Debug|Any CPU.Build.0 = Debug|Any CPU
		{D70F8CA7-E4FB-4483-949C-B17A4777BE16}.Release|Any CPU.ActiveCfg = Release|Any CPU
		{D70F8CA7-E4FB-4483-949C-B17A4777BE16}.Release|Any CPU.Build.0 = Release|Any CPU
	EndGlobalSection
	GlobalSection(SolutionProperties) = preSolution
		HideSolutionNode = FALSE
	EndGlobalSection
	GlobalSection(ExtensibilityGlobals) = postSolution
		SolutionGuid = {139D4301-8DCA-4C8A-9A9D-D6ABCBAA5E2E}
	EndGlobalSection
EndGlobal
